
Microsoft Visual Studio Solution File, Format Version 12.00
# Visual Studio Version 16
VisualStudioVersion = 16.0.31911.196
MinimumVisualStudioVersion = 10.0.40219.1
Project("{FAE04EC0-301F-11D3-BF4B-00C04F79EFBC}") = "Call of duty 4 Modern Warfare (Split Screen Mod)", "Call of duty 4 Modern Warfare (Split Screen Mod)\Call of duty 4 Modern Warfare (Split Screen Mod).csproj", "{BDE05C4F-39E7-45F4-94F5-0C3380DA3EC8}"
EndProject
Global
	GlobalSection(SolutionConfigurationPlatforms) = preSolution
		Debug|Any CPU = Debug|Any CPU
		Release|Any CPU = Release|Any CPU
	EndGlobalSection
	GlobalSection(ProjectConfigurationPlatforms) = postSolution
		{BDE05C4F-39E7-45F4-94F5-0C3380DA3EC8}.Debug|Any CPU.ActiveCfg = Debug|Any CPU
		{BDE05C4F-39E7-45F4-94F5-0C3380DA3EC8}.Debug|Any CPU.Build.0 = Debug|Any CPU
		{BDE05C4F-39E7-45F4-94F5-0C3380DA3EC8}.Release|Any CPU.ActiveCfg = Release|Any CPU
		{BDE05C4F-39E7-45F4-94F5-0C3380DA3EC8}.Release|Any CPU.Build.0 = Release|Any CPU
	EndGlobalSection
	GlobalSection(SolutionProperties) = preSolution
		HideSolutionNode = FALSE
	EndGlobalSection
	GlobalSection(ExtensibilityGlobals) = postSolution
		SolutionGuid = {093BB3DA-C22B-47B6-9374-D391660651E4}
	EndGlobalSection
EndGlobal
